// !$*UTF8*$!
{
	archiveVersion = 1;
	classes = {
	};
	objectVersion = 46;
	objects = {

/* Begin PBXBuildFile section */
		DB9121DA1AA6B46800575789 /* main.cpp in Sources */ = {isa = PBXBuildFile; fileRef = DB9121D91AA6B46800575789 /* main.cpp */; };
		DB9121E21AA6B54200575789 /* GL_routines.cpp in Sources */ = {isa = PBXBuildFile; fileRef = DB9121E01AA6B54200575789 /* GL_routines.cpp */; };
		DB9121E41AA6B66C00575789 /* OpenGL.framework in Frameworks */ = {isa = PBXBuildFile; fileRef = DB9121E31AA6B66C00575789 /* OpenGL.framework */; };
		DB9121E61AA6B67500575789 /* GLUT.framework in Frameworks */ = {isa = PBXBuildFile; fileRef = DB9121E51AA6B67500575789 /* GLUT.framework */; };
/* End PBXBuildFile section */

/* Begin PBXCopyFilesBuildPhase section */
		DB9121D41AA6B46800575789 /* CopyFiles */ = {
			isa = PBXCopyFilesBuildPhase;
			buildActionMask = 2147483647;
			dstPath = /usr/share/man/man1/;
			dstSubfolderSpec = 0;
			files = (
			);
			runOnlyForDeploymentPostprocessing = 1;
		};
/* End PBXCopyFilesBuildPhase section */

/* Begin PBXFileReference section */
		DB9121D61AA6B46800575789 /* pracSheets */ = {isa = PBXFileReference; explicitFileType = "compiled.mach-o.executable"; includeInIndex = 0; path = pracSheets; sourceTree = BUILT_PRODUCTS_DIR; };
		DB9121D91AA6B46800575789 /* main.cpp */ = {isa = PBXFileReference; lastKnownFileType = sourcecode.cpp.cpp; path = main.cpp; sourceTree = "<group>"; };
		DB9121E01AA6B54200575789 /* GL_routines.cpp */ = {isa = PBXFileReference; fileEncoding = 4; lastKnownFileType = sourcecode.cpp.cpp; path = GL_routines.cpp; sourceTree = "<group>"; };
		DB9121E11AA6B54200575789 /* GL_routines.h */ = {isa = PBXFileReference; fileEncoding = 4; lastKnownFileType = sourcecode.c.h; path = GL_routines.h; sourceTree = "<group>"; };
		DB9121E31AA6B66C00575789 /* OpenGL.framework */ = {isa = PBXFileReference; lastKnownFileType = wrapper.framework; name = OpenGL.framework; path = System/Library/Frameworks/OpenGL.framework; sourceTree = SDKROOT; };
		DB9121E51AA6B67500575789 /* GLUT.framework */ = {isa = PBXFileReference; lastKnownFileType = wrapper.framework; name = GLUT.framework; path = System/Library/Frameworks/GLUT.framework; sourceTree = SDKROOT; };
/* End PBXFileReference section */

/* Begin PBXFrameworksBuildPhase section */
		DB9121D31AA6B46800575789 /* Frameworks */ = {
			isa = PBXFrameworksBuildPhase;
			buildActionMask = 2147483647;
			files = (
				DB9121E61AA6B67500575789 /* GLUT.framework in Frameworks */,
				DB9121E41AA6B66C00575789 /* OpenGL.framework in Frameworks */,
			);
			runOnlyForDeploymentPostprocessing = 0;
		};
/* End PBXFrameworksBuildPhase section */

/* Begin PBXGroup section */
		DB9121CD1AA6B46800575789 = {
			isa = PBXGroup;
			children = (
				DB9121E51AA6B67500575789 /* GLUT.framework */,
				DB9121E31AA6B66C00575789 /* OpenGL.framework */,
				DB9121D81AA6B46800575789 /* pracSheets */,
				DB9121D71AA6B46800575789 /* Products */,
			);
			sourceTree = "<group>";
		};
		DB9121D71AA6B46800575789 /* Products */ = {
			isa = PBXGroup;
			children = (
				DB9121D61AA6B46800575789 /* pracSheets */,
			);
			name = Products;
			sourceTree = "<group>";
		};
		DB9121D81AA6B46800575789 /* pracSheets */ = {
			isa = PBXGroup;
			children = (
				DB9121E01AA6B54200575789 /* GL_routines.cpp */,
				DB9121E11AA6B54200575789 /* GL_routines.h */,
				DB9121D91AA6B46800575789 /* main.cpp */,
			);
			path = pracSheets;
			sourceTree = "<group>";
		};
/* End PBXGroup section */

/* Begin PBXNativeTarget section */
		DB9121D51AA6B46800575789 /* pracSheets */ = {
			isa = PBXNativeTarget;
			buildConfigurationList = DB9121DD1AA6B46800575789 /* Build configuration list for PBXNativeTarget "pracSheets" */;
			buildPhases = (
				DB9121D21AA6B46800575789 /* Sources */,
				DB9121D31AA6B46800575789 /* Frameworks */,
				DB9121D41AA6B46800575789 /* CopyFiles */,
			);
			buildRules = (
			);
			dependencies = (
			);
			name = pracSheets;
			productName = pracSheets;
			productReference = DB9121D61AA6B46800575789 /* pracSheets */;
			productType = "com.apple.product-type.tool";
		};
/* End PBXNativeTarget section */

/* Begin PBXProject section */
		DB9121CE1AA6B46800575789 /* Project object */ = {
			isa = PBXProject;
			attributes = {
				LastUpgradeCheck = 0610;
				ORGANIZATIONNAME = YuichiSawada;
				TargetAttributes = {
					DB9121D51AA6B46800575789 = {
						CreatedOnToolsVersion = 6.1.1;
					};
				};
			};
			buildConfigurationList = DB9121D11AA6B46800575789 /* Build configuration list for PBXProject "pracSheets" */;
			compatibilityVersion = "Xcode 3.2";
			developmentRegion = English;
			hasScannedForEncodings = 0;
			knownRegions = (
				en,
			);
			mainGroup = DB9121CD1AA6B46800575789;
			productRefGroup = DB9121D71AA6B46800575789 /* Products */;
			projectDirPath = "";
			projectRoot = "";
			targets = (
				DB9121D51AA6B46800575789 /* pracSheets */,
			);
		};
/* End PBXProject section */

/* Begin PBXSourcesBuildPhase section */
		DB9121D21AA6B46800575789 /* Sources */ = {
			isa = PBXSourcesBuildPhase;
			buildActionMask = 2147483647;
			files = (
				DB9121DA1AA6B46800575789 /* main.cpp in Sources */,
				DB9121E21AA6B54200575789 /* GL_routines.cpp in Sources */,
			);
			runOnlyForDeploymentPostprocessing = 0;
		};
/* End PBXSourcesBuildPhase section */

/* Begin XCBuildConfiguration section */
		DB9121DB1AA6B46800575789 /* Debug */ = {
			isa = XCBuildConfiguration;
			buildSettings = {
				ALWAYS_SEARCH_USER_PATHS = NO;
				CLANG_CXX_LANGUAGE_STANDARD = "gnu++0x";
				CLANG_CXX_LIBRARY = "libc++";
				CLANG_ENABLE_MODULES = YES;
				CLANG_ENABLE_OBJC_ARC = YES;
				CLANG_WARN_BOOL_CONVERSION = YES;
				CLANG_WARN_CONSTANT_CONVERSION = YES;
				CLANG_WARN_DIRECT_OBJC_ISA_USAGE = YES_ERROR;
				CLANG_WARN_EMPTY_BODY = YES;
				CLANG_WARN_ENUM_CONVERSION = YES;
				CLANG_WARN_INT_CONVERSION = YES;
				CLANG_WARN_OBJC_ROOT_CLASS = YES_ERROR;
				CLANG_WARN_UNREACHABLE_CODE = YES;
				CLANG_WARN__DUPLICATE_METHOD_MATCH = YES;
				COPY_PHASE_STRIP = NO;
				ENABLE_STRICT_OBJC_MSGSEND = YES;
				GCC_C_LANGUAGE_STANDARD = gnu99;
				GCC_DYNAMIC_NO_PIC = NO;
				GCC_OPTIMIZATION_LEVEL = 0;
				GCC_PREPROCESSOR_DEFINITIONS = (
					"DEBUG=1",
					"$(inherited)",
				);
				GCC_SYMBOLS_PRIVATE_EXTERN = NO;
				GCC_WARN_64_TO_32_BIT_CONVERSION = YES;
				GCC_WARN_ABOUT_RETURN_TYPE = YES_ERROR;
				GCC_WARN_UNDECLARED_SELECTOR = YES;
				GCC_WARN_UNINITIALIZED_AUTOS = YES_AGGRESSIVE;
				GCC_WARN_UNUSED_FUNCTION = YES;
				GCC_WARN_UNUSED_VARIABLE = YES;
				MACOSX_DEPLOYMENT_TARGET = 10.10;
				MTL_ENABLE_DEBUG_INFO = YES;
				ONLY_ACTIVE_ARCH = YES;
				SDKROOT = macosx;
			};
			name = Debug;
		};
		DB9121DC1AA6B46800575789 /* Release */ = {
			isa = XCBuildConfiguration;
			buildSettings = {
				ALWAYS_SEARCH_USER_PATHS = NO;
				CLANG_CXX_LANGUAGE_STANDARD = "gnu++0x";
				CLANG_CXX_LIBRARY = "libc++";
				CLANG_ENABLE_MODULES = YES;
				CLANG_ENABLE_OBJC_ARC = YES;
				CLANG_WARN_BOOL_CONVERSION = YES;
				CLANG_WARN_CONSTANT_CONVERSION = YES;
				CLANG_WARN_DIRECT_OBJC_ISA_USAGE = YES_ERROR;
				CLANG_WARN_EMPTY_BODY = YES;
				CLANG_WARN_ENUM_CONVERSION = YES;
				CLANG_WARN_INT_CONVERSION = YES;
				CLANG_WARN_OBJC_ROOT_CLASS = YES_ERROR;
				CLANG_WARN_UNREACHABLE_CODE = YES;
				CLANG_WARN__DUPLICATE_METHOD_MATCH = YES;
				COPY_PHASE_STRIP = YES;
				DEBUG_INFORMATION_FORMAT = "dwarf-with-dsym";
				ENABLE_NS_ASSERTIONS = NO;
				ENABLE_STRICT_OBJC_MSGSEND = YES;
				GCC_C_LANGUAGE_STANDARD = gnu99;
				GCC_WARN_64_TO_32_BIT_CONVERSION = YES;
				GCC_WARN_ABOUT_RETURN_TYPE = YES_ERROR;
				GCC_WARN_UNDECLARED_SELECTOR = YES;
				GCC_WARN_UNINITIALIZED_AUTOS = YES_AGGRESSIVE;
				GCC_WARN_UNUSED_FUNCTION = YES;
				GCC_WARN_UNUSED_VARIABLE = YES;
				MACOSX_DEPLOYMENT_TARGET = 10.10;
				MTL_ENABLE_DEBUG_INFO = NO;
				SDKROOT = macosx;
			};
			name = Release;
		};
		DB9121DE1AA6B46800575789 /* Debug */ = {
			isa = XCBuildConfiguration;
			buildSettings = {
				PRODUCT_NAME = "$(TARGET_NAME)";
			};
			name = Debug;
		};
		DB9121DF1AA6B46800575789 /* Release */ = {
			isa = XCBuildConfiguration;
			buildSettings = {
				PRODUCT_NAME = "$(TARGET_NAME)";
			};
			name = Release;
		};
/* End XCBuildConfiguration section */

/* Begin XCConfigurationList section */
		DB9121D11AA6B46800575789 /* Build configuration list for PBXProject "pracSheets" */ = {
			isa = XCConfigurationList;
			buildConfigurations = (
				DB9121DB1AA6B46800575789 /* Debug */,
				DB9121DC1AA6B46800575789 /* Release */,
			);
			defaultConfigurationIsVisible = 0;
			defaultConfigurationName = Release;
		};
		DB9121DD1AA6B46800575789 /* Build configuration list for PBXNativeTarget "pracSheets" */ = {
			isa = XCConfigurationList;
			buildConfigurations = (
				DB9121DE1AA6B46800575789 /* Debug */,
				DB9121DF1AA6B46800575789 /* Release */,
			);
			defaultConfigurationIsVisible = 0;
			defaultConfigurationName = Release;
		};
/* End XCConfigurationList section */
	};
	rootObject = DB9121CE1AA6B46800575789 /* Project object */;
}
